
Microsoft Visual Studio Solution File, Format Version 12.00
# Visual Studio 15
VisualStudioVersion = 15.0.27130.2010
MinimumVisualStudioVersion = 10.0.40219.1
Project("{2150E333-8FDC-42A3-9474-1A3956D46DE8}") = "Solution Items", "Solution Items", "{6F423C6E-DFD4-4DF8-B4E8-3275755D6614}"
	ProjectSection(SolutionItems) = preProject
		README.md = README.md
	EndProjectSection
EndProject
Project("{FAE04EC0-301F-11D3-BF4B-00C04F79EFBC}") = "DAX.CimCmd", "DAX.CimCmd\DAX.CimCmd.csproj", "{5FC96A76-41DC-4916-BB60-7E1C38B60614}"
EndProject
Project("{FAE04EC0-301F-11D3-BF4B-00C04F79EFBC}") = "DAX.CIM.NetSamScada.XMLSchemas", "..\DAX.CIM.NetSamScada\DAX.CIM.NetSamScada.XMLSchemas\DAX.CIM.NetSamScada.XMLSchemas.csproj", "{6C253ADB-6B01-45F0-8D6C-85DC337E42A5}"
EndProject
Project("{FAE04EC0-301F-11D3-BF4B-00C04F79EFBC}") = "DAX.CIM.NetSamScada.EquipmentXmlWriter", "..\DAX.CIM.NetSamScada - delta\DAX.CIM.NetSamScada.EquipmentXmlWriter\DAX.CIM.NetSamScada.EquipmentXmlWriter.csproj", "{F6F51F94-81CA-4913-B4C8-CF153F59D5B7}"
EndProject
Global
	GlobalSection(SolutionConfigurationPlatforms) = preSolution
		Debug|Any CPU = Debug|Any CPU
		Release|Any CPU = Release|Any CPU
	EndGlobalSection
	GlobalSection(ProjectConfigurationPlatforms) = postSolution
		{5FC96A76-41DC-4916-BB60-7E1C38B60614}.Debug|Any CPU.ActiveCfg = Debug|Any CPU
		{5FC96A76-41DC-4916-BB60-7E1C38B60614}.Debug|Any CPU.Build.0 = Debug|Any CPU
		{5FC96A76-41DC-4916-BB60-7E1C38B60614}.Release|Any CPU.ActiveCfg = Release|Any CPU
		{5FC96A76-41DC-4916-BB60-7E1C38B60614}.Release|Any CPU.Build.0 = Release|Any CPU
		{6C253ADB-6B01-45F0-8D6C-85DC337E42A5}.Debug|Any CPU.ActiveCfg = Debug|Any CPU
		{6C253ADB-6B01-45F0-8D6C-85DC337E42A5}.Debug|Any CPU.Build.0 = Debug|Any CPU
		{6C253ADB-6B01-45F0-8D6C-85DC337E42A5}.Release|Any CPU.ActiveCfg = Release|Any CPU
		{6C253ADB-6B01-45F0-8D6C-85DC337E42A5}.Release|Any CPU.Build.0 = Release|Any CPU
		{F6F51F94-81CA-4913-B4C8-CF153F59D5B7}.Debug|Any CPU.ActiveCfg = Debug|Any CPU
		{F6F51F94-81CA-4913-B4C8-CF153F59D5B7}.Debug|Any CPU.Build.0 = Debug|Any CPU
		{F6F51F94-81CA-4913-B4C8-CF153F59D5B7}.Release|Any CPU.ActiveCfg = Release|Any CPU
		{F6F51F94-81CA-4913-B4C8-CF153F59D5B7}.Release|Any CPU.Build.0 = Release|Any CPU
	EndGlobalSection
	GlobalSection(SolutionProperties) = preSolution
		HideSolutionNode = FALSE
	EndGlobalSection
	GlobalSection(ExtensibilityGlobals) = postSolution
		SolutionGuid = {86793DBB-AB3E-44D8-97D4-1D765A4B3735}
	EndGlobalSection
EndGlobal
